Microsoft Visual Studio Solution File, Format Version 12.00
# Visual Studio Version 17
VisualStudioVersion = 17.0.31903.59
MinimumVisualStudioVersion = 10.0.40219.1
Project("{8BC9CEB8-8B4A-11D0-8D11-00A0C91BC942}") = "PacketAnalyzer2026", "PacketAnalyzer.vcxproj", "{87654321-4321-8765-4321-876543218765}"
EndProject
Global
	GlobalSection(SolutionConfigurationPlatforms) = preSolution
		Debug|x64 = Debug|x64
		Release|x64 = Release|x64
	EndGlobalSection
	GlobalSection(ProjectConfigurationPlatforms) = postSolution
		{87654321-4321-8765-4321-876543218765}.Debug|x64.ActiveCfg = Debug|x64
		{87654321-4321-8765-4321-876543218765}.Debug|x64.Build.0 = Debug|x64
		{87654321-4321-8765-4321-876543218765}.Release|x64.ActiveCfg = Release|x64
		{87654321-4321-8765-4321-876543218765}.Release|x64.Build.0 = Release|x64
	EndGlobalSection
	GlobalSection(SolutionProperties) = preSolution
		HideSolutionNode = FALSE
	EndGlobalSection
	GlobalSection(ExtensibilityGlobals) = postSolution
		SolutionGuid = {87654321-4321-8765-2109-876543210987}
	EndGlobalSection
EndGlobal